// !$*UTF8*$!
{
	archiveVersion = 1;
	classes = {
	};
	objectVersion = 46;
	objects = {

/* Begin PBXBuildFile section */
		7517F5AA15217494000EF32F /* EditAssemblyViewController.m in Sources */ = {isa = PBXBuildFile; fileRef = 7517F5A915217494000EF32F /* EditAssemblyViewController.m */; };
		751C5F65161054B20025AFA4 /* AssemblyValidator.mm in Sources */ = {isa = PBXBuildFile; fileRef = 751C5F64161054B20025AFA4 /* AssemblyValidator.mm */; };
		7526384215DFAD4300E2A8A9 /* DetailCellView.m in Sources */ = {isa = PBXBuildFile; fileRef = 7526384115DFAD4300E2A8A9 /* DetailCellView.m */; };
		7529F96115199C3200C13C90 /* AppDelegate.m in Sources */ = {isa = PBXBuildFile; fileRef = 7529F94615199C3200C13C90 /* AppDelegate.m */; };
		7529F96215199C3200C13C90 /* NSValueToDataTransformer.m in Sources */ = {isa = PBXBuildFile; fileRef = 7529F94915199C3200C13C90 /* NSValueToDataTransformer.m */; };
		7529F96515199C3200C13C90 /* Model.xcdatamodeld in Sources */ = {isa = PBXBuildFile; fileRef = 7529F94E15199C3200C13C90 /* Model.xcdatamodeld */; };
		7529F96615199C3200C13C90 /* UIColorToDataTransformer.m in Sources */ = {isa = PBXBuildFile; fileRef = 7529F95115199C3200C13C90 /* UIColorToDataTransformer.m */; };
		7529F96715199C3200C13C90 /* UIImageToDataTransformer.m in Sources */ = {isa = PBXBuildFile; fileRef = 7529F95315199C3200C13C90 /* UIImageToDataTransformer.m */; };
		7529F96915199C3200C13C90 /* InfoPlist.strings in Resources */ = {isa = PBXBuildFile; fileRef = 7529F95715199C3200C13C90 /* InfoPlist.strings */; };
		7529F96A15199C3200C13C90 /* MainStoryboard_iPad.storyboard in Resources */ = {isa = PBXBuildFile; fileRef = 7529F95915199C3200C13C90 /* MainStoryboard_iPad.storyboard */; };
		7529F96B15199C3200C13C90 /* MainStoryboard_iPhone.storyboard in Resources */ = {isa = PBXBuildFile; fileRef = 7529F95B15199C3200C13C90 /* MainStoryboard_iPhone.storyboard */; };
		7529F96C15199C3200C13C90 /* StartMenuViewController.m in Sources */ = {isa = PBXBuildFile; fileRef = 7529F95F15199C3200C13C90 /* StartMenuViewController.m */; };
		7529F96E15199CBD00C13C90 /* CoreData.framework in Frameworks */ = {isa = PBXBuildFile; fileRef = 7529F96D15199CBD00C13C90 /* CoreData.framework */; };
		7529F9741519A33A00C13C90 /* RootAssemblyViewController.m in Sources */ = {isa = PBXBuildFile; fileRef = 7529F9731519A33A00C13C90 /* RootAssemblyViewController.m */; };
		7529F97A151AE69B00C13C90 /* DetailType.m in Sources */ = {isa = PBXBuildFile; fileRef = 7529F979151AE69A00C13C90 /* DetailType.m */; };
		7529F97D151AE73100C13C90 /* Detail.m in Sources */ = {isa = PBXBuildFile; fileRef = 7529F97C151AE73100C13C90 /* Detail.m */; };
		7529F983151B0C2A00C13C90 /* Assembly.m in Sources */ = {isa = PBXBuildFile; fileRef = 7529F982151B0C2A00C13C90 /* Assembly.m */; };
		753270A516BEE7E5005A1B83 /* QuartzCore.framework in Frameworks */ = {isa = PBXBuildFile; fileRef = 753270A416BEE7E5005A1B83 /* QuartzCore.framework */; };
		753270AD16C414A2005A1B83 /* ImageVisualFrameCalculator.m in Sources */ = {isa = PBXBuildFile; fileRef = 753270AC16C414A2005A1B83 /* ImageVisualFrameCalculator.m */; };
		7532EBC315DFA3B600395B11 /* DetailTypesViewController.m in Sources */ = {isa = PBXBuildFile; fileRef = 7532EBC015DFA3B600395B11 /* DetailTypesViewController.m */; };
		7532EBC415DFA3B600395B11 /* EditDetailTypeViewController.m in Sources */ = {isa = PBXBuildFile; fileRef = 7532EBC215DFA3B600395B11 /* EditDetailTypeViewController.m */; };
		754FF90D15FCD01400A2D555 /* AssemblyType.m in Sources */ = {isa = PBXBuildFile; fileRef = 754FF90C15FCD01400A2D555 /* AssemblyType.m */; };
		756BA30615F143C0009F0C9D /* pin.png in Resources */ = {isa = PBXBuildFile; fileRef = 756BA30515F143C0009F0C9D /* pin.png */; };
		757A153815E3BF8D00E89FBC /* AlertView.m in Sources */ = {isa = PBXBuildFile; fileRef = 757A153715E3BF8D00E89FBC /* AlertView.m */; };
		757A153C15ED256E00E89FBC /* PreferencesKeys.m in Sources */ = {isa = PBXBuildFile; fileRef = 757A153B15ED256E00E89FBC /* PreferencesKeys.m */; };
		757A153F15EE77B400E89FBC /* ActionSheet.m in Sources */ = {isa = PBXBuildFile; fileRef = 757A153E15EE77B400E89FBC /* ActionSheet.m */; };
		757B0CB6160DF82B008883C0 /* VisualSelectablePointer.m in Sources */ = {isa = PBXBuildFile; fileRef = 757B0CB5160DF82B008883C0 /* VisualSelectablePointer.m */; };
		757B0CBA160F137C008883C0 /* PreferencesViewController.m in Sources */ = {isa = PBXBuildFile; fileRef = 757B0CB9160F137C008883C0 /* PreferencesViewController.m */; };
		757B0CBD160F5033008883C0 /* PreferenceOptionsViewController.m in Sources */ = {isa = PBXBuildFile; fileRef = 757B0CBC160F5033008883C0 /* PreferenceOptionsViewController.m */; };
		757EBCEF15F0E7B8004218D2 /* NoPhotoBig.png in Resources */ = {isa = PBXBuildFile; fileRef = 757EBCEE15F0E7B8004218D2 /* NoPhotoBig.png */; };
		757F600A15EF8F490022FC67 /* StandardActionsPerformer.m in Sources */ = {isa = PBXBuildFile; fileRef = 757F600915EF8F490022FC67 /* StandardActionsPerformer.m */; };
		75800F9215FC90A800E5262E /* DirectoryWatcher.m in Sources */ = {isa = PBXBuildFile; fileRef = 75800F9115FC90A800E5262E /* DirectoryWatcher.m */; };
		75823399154177BF009BBA8B /* NSManagedObjectContextExtension.m in Sources */ = {isa = PBXBuildFile; fileRef = 75823398154177BF009BBA8B /* NSManagedObjectContextExtension.m */; };
		758520D215F395C50071A662 /* EditDetailViewController.m in Sources */ = {isa = PBXBuildFile; fileRef = 758520D115F395C50071A662 /* EditDetailViewController.m */; };
		758520D615F3A68D0071A662 /* DetailTypeCellView.m in Sources */ = {isa = PBXBuildFile; fileRef = 758520D515F3A68D0071A662 /* DetailTypeCellView.m */; };
		758DA6B216DAC136005D59A4 /* liftarm_bottom_left.png in Resources */ = {isa = PBXBuildFile; fileRef = 758DA6AF16DAC135005D59A4 /* liftarm_bottom_left.png */; };
		758DA6B316DAC136005D59A4 /* liftarm_center.png in Resources */ = {isa = PBXBuildFile; fileRef = 758DA6B016DAC135005D59A4 /* liftarm_center.png */; };
		758DA6B416DAC136005D59A4 /* liftarm_top_right.png in Resources */ = {isa = PBXBuildFile; fileRef = 758DA6B116DAC136005D59A4 /* liftarm_top_right.png */; };
		75A26DA215218B2200449686 /* camera.png in Resources */ = {isa = PBXBuildFile; fileRef = 75A26D9E15218B2200449686 /* camera.png */; };
		75B7DA441521796100C02F18 /* AssemblyCellView.m in Sources */ = {isa = PBXBuildFile; fileRef = 75B7DA431521796100C02F18 /* AssemblyCellView.m */; };
		75CF686116B58D2900DEE4B4 /* InstructionPreviewViewController.m in Sources */ = {isa = PBXBuildFile; fileRef = 75CF686016B58D2900DEE4B4 /* InstructionPreviewViewController.m */; };
		75D58E6716F4C1DC000B231C /* RootAssemblyReference.m in Sources */ = {isa = PBXBuildFile; fileRef = 75D58E6616F4C1DC000B231C /* RootAssemblyReference.m */; };
		75E28A4116DBDBDA004FBCF5 /* EditDetailTypeAdditionalInfoViewController.m in Sources */ = {isa = PBXBuildFile; fileRef = 75E28A4016DBDBDA004FBCF5 /* EditDetailTypeAdditionalInfoViewController.m */; };
		75E5F33415FDAF4900C363FA /* AssemblyTypesShelf.m in Sources */ = {isa = PBXBuildFile; fileRef = 75E5F33315FDAF4900C363FA /* AssemblyTypesShelf.m */; };
		75E5F36E16013BCD00C363FA /* convertDocument_Highlighted_iPhone.png in Resources */ = {isa = PBXBuildFile; fileRef = 75E5F36616013BCC00C363FA /* convertDocument_Highlighted_iPhone.png */; };
		75E5F36F16013BCD00C363FA /* convertDocument_Highlighted_iPhone@2x.png in Resources */ = {isa = PBXBuildFile; fileRef = 75E5F36716013BCC00C363FA /* convertDocument_Highlighted_iPhone@2x.png */; };
		75E5F37016013BCD00C363FA /* convertDocument_Normal_iPhone.png in Resources */ = {isa = PBXBuildFile; fileRef = 75E5F36816013BCC00C363FA /* convertDocument_Normal_iPhone.png */; };
		75E5F37116013BCD00C363FA /* convertDocument_Normal_iPhone@2x.png in Resources */ = {isa = PBXBuildFile; fileRef = 75E5F36916013BCC00C363FA /* convertDocument_Normal_iPhone@2x.png */; };
		75E5F37216013BCD00C363FA /* detach_Highlighted_iPhone.png in Resources */ = {isa = PBXBuildFile; fileRef = 75E5F36A16013BCC00C363FA /* detach_Highlighted_iPhone.png */; };
		75E5F37316013BCD00C363FA /* detach_Highlighted_iPhone@2x.png in Resources */ = {isa = PBXBuildFile; fileRef = 75E5F36B16013BCC00C363FA /* detach_Highlighted_iPhone@2x.png */; };
		75E5F37416013BCD00C363FA /* detach_Normal_iPhone.png in Resources */ = {isa = PBXBuildFile; fileRef = 75E5F36C16013BCC00C363FA /* detach_Normal_iPhone.png */; };
		75E5F37516013BCD00C363FA /* detach_Normal_iPhone@2x.png in Resources */ = {isa = PBXBuildFile; fileRef = 75E5F36D16013BCC00C363FA /* detach_Normal_iPhone@2x.png */; };
		75E5F38616013BDC00C363FA /* preferences_Normal_iPhone.png in Resources */ = {isa = PBXBuildFile; fileRef = 75E5F37616013BDC00C363FA /* preferences_Normal_iPhone.png */; };
		75E5F38716013BDC00C363FA /* preferences_Normal_iPhone@2x.png in Resources */ = {isa = PBXBuildFile; fileRef = 75E5F37716013BDC00C363FA /* preferences_Normal_iPhone@2x.png */; };
		75E5F38816013BDC00C363FA /* references_Highlighted_iPhone.png in Resources */ = {isa = PBXBuildFile; fileRef = 75E5F37816013BDC00C363FA /* references_Highlighted_iPhone.png */; };
		75E5F38916013BDC00C363FA /* references_Highlighted_iPhone@2x.png in Resources */ = {isa = PBXBuildFile; fileRef = 75E5F37916013BDC00C363FA /* references_Highlighted_iPhone@2x.png */; };
		75E5F38A16013BDC00C363FA /* rotate_Highlighted_iPhone.png in Resources */ = {isa = PBXBuildFile; fileRef = 75E5F37A16013BDC00C363FA /* rotate_Highlighted_iPhone.png */; };
		75E5F38B16013BDC00C363FA /* rotate_Highlighted_iPhone@2x.png in Resources */ = {isa = PBXBuildFile; fileRef = 75E5F37B16013BDC00C363FA /* rotate_Highlighted_iPhone@2x.png */; };
		75E5F38C16013BDC00C363FA /* rotate_Normal_iPhone.png in Resources */ = {isa = PBXBuildFile; fileRef = 75E5F37C16013BDC00C363FA /* rotate_Normal_iPhone.png */; };
		75E5F38D16013BDC00C363FA /* rotate_Normal_iPhone@2x.png in Resources */ = {isa = PBXBuildFile; fileRef = 75E5F37D16013BDC00C363FA /* rotate_Normal_iPhone@2x.png */; };
		75E5F38E16013BDC00C363FA /* split_Highlighted_iPhone.png in Resources */ = {isa = PBXBuildFile; fileRef = 75E5F37E16013BDC00C363FA /* split_Highlighted_iPhone.png */; };
		75E5F38F16013BDC00C363FA /* split_Highlighted_iPhone@2x.png in Resources */ = {isa = PBXBuildFile; fileRef = 75E5F37F16013BDC00C363FA /* split_Highlighted_iPhone@2x.png */; };
		75E5F39016013BDC00C363FA /* split_Normal_iPhone.png in Resources */ = {isa = PBXBuildFile; fileRef = 75E5F38016013BDC00C363FA /* split_Normal_iPhone.png */; };
		75E5F39116013BDC00C363FA /* split_Normal_iPhone@2x.png in Resources */ = {isa = PBXBuildFile; fileRef = 75E5F38116013BDC00C363FA /* split_Normal_iPhone@2x.png */; };
		75E5F39216013BDC00C363FA /* transform_Highlighted_iPhone.png in Resources */ = {isa = PBXBuildFile; fileRef = 75E5F38216013BDC00C363FA /* transform_Highlighted_iPhone.png */; };
		75E5F39316013BDC00C363FA /* transform_Highlighted_iPhone@2x.png in Resources */ = {isa = PBXBuildFile; fileRef = 75E5F38316013BDC00C363FA /* transform_Highlighted_iPhone@2x.png */; };
		75E5F39416013BDC00C363FA /* transform_Normal_iPhone.png in Resources */ = {isa = PBXBuildFile; fileRef = 75E5F38416013BDC00C363FA /* transform_Normal_iPhone.png */; };
		75E5F39516013BDC00C363FA /* transform_Normal_iPhone@2x.png in Resources */ = {isa = PBXBuildFile; fileRef = 75E5F38516013BDC00C363FA /* transform_Normal_iPhone@2x.png */; };
		75EB423E16EA9DB300FB7540 /* MBProgressHUD.m in Sources */ = {isa = PBXBuildFile; fileRef = 75EB423D16EA9DB300FB7540 /* MBProgressHUD.m */; };
		75EB424416EC683C00FB7540 /* Picture.m in Sources */ = {isa = PBXBuildFile; fileRef = 75EB424316EC683C00FB7540 /* Picture.m */; };
		75EB424716EC814200FB7540 /* UINavigationControllerExtension.m in Sources */ = {isa = PBXBuildFile; fileRef = 75EB424616EC814200FB7540 /* UINavigationControllerExtension.m */; };
		75EB424A16EC83BC00FB7540 /* UIImagePickerControllerExtension.m in Sources */ = {isa = PBXBuildFile; fileRef = 75EB424916EC83BC00FB7540 /* UIImagePickerControllerExtension.m */; };
		75EB424C16EC906F00FB7540 /* ImageIO.framework in Frameworks */ = {isa = PBXBuildFile; fileRef = 75EB424B16EC906E00FB7540 /* ImageIO.framework */; };
		75EB424F16EC93BD00FB7540 /* UIImage+Resize.m in Sources */ = {isa = PBXBuildFile; fileRef = 75EB424E16EC93BD00FB7540 /* UIImage+Resize.m */; };
		75EB425416EC947E00FB7540 /* UIImage+Alpha.m in Sources */ = {isa = PBXBuildFile; fileRef = 75EB425116EC947E00FB7540 /* UIImage+Alpha.m */; };
		75EB425516EC947E00FB7540 /* UIImage+RoundedCorner.m in Sources */ = {isa = PBXBuildFile; fileRef = 75EB425316EC947E00FB7540 /* UIImage+RoundedCorner.m */; };
		75EE288D160B17C400050997 /* Constants.m in Sources */ = {isa = PBXBuildFile; fileRef = 75EE288C160B17C400050997 /* Constants.m */; };
		75EE2890160B524100050997 /* pinSelected.png in Resources */ = {isa = PBXBuildFile; fileRef = 75EE288F160B524100050997 /* pinSelected.png */; };
		84EA63AE1514C4AF00C7177E /* UIKit.framework in Frameworks */ = {isa = PBXBuildFile; fileRef = 84EA63AD1514C4AF00C7177E /* UIKit.framework */; };
		84EA63B01514C4AF00C7177E /* Foundation.framework in Frameworks */ = {isa = PBXBuildFile; fileRef = 84EA63AF1514C4AF00C7177E /* Foundation.framework */; };
		84EA63B21514C4AF00C7177E /* CoreGraphics.framework in Frameworks */ = {isa = PBXBuildFile; fileRef = 84EA63B11514C4AF00C7177E /* CoreGraphics.framework */; };
		84EA63BA1514C4AF00C7177E /* main.m in Sources */ = {isa = PBXBuildFile; fileRef = 84EA63B91514C4AF00C7177E /* main.m */; };
		84EA63CF1514C4AF00C7177E /* SenTestingKit.framework in Frameworks */ = {isa = PBXBuildFile; fileRef = 84EA63CE1514C4AF00C7177E /* SenTestingKit.framework */; };
		84EA63D01514C4AF00C7177E /* UIKit.framework in Frameworks */ = {isa = PBXBuildFile; fileRef = 84EA63AD1514C4AF00C7177E /* UIKit.framework */; };
		84EA63D11514C4AF00C7177E /* Foundation.framework in Frameworks */ = {isa = PBXBuildFile; fileRef = 84EA63AF1514C4AF00C7177E /* Foundation.framework */; };
		84EA63D91514C4AF00C7177E /* InfoPlist.strings in Resources */ = {isa = PBXBuildFile; fileRef = 84EA63D71514C4AF00C7177E /* InfoPlist.strings */; };
		84EA63DC1514C4AF00C7177E /* ConstructiveEditorTests.m in Sources */ = {isa = PBXBuildFile; fileRef = 84EA63DB1514C4AF00C7177E /* ConstructiveEditorTests.m */; };
		84F883EB1535B53A00EA0438 /* AssembliesAndDetailsViewController.m in Sources */ = {isa = PBXBuildFile; fileRef = 84F883EA1535B53A00EA0438 /* AssembliesAndDetailsViewController.m */; };
/* End PBXBuildFile section */

/* Begin PBXContainerItemProxy section */
		84EA63D21514C4AF00C7177E /* PBXContainerItemProxy */ = {
			isa = PBXContainerItemProxy;
			containerPortal = 84EA63A01514C4AF00C7177E /* Project object */;
			proxyType = 1;
			remoteGlobalIDString = 84EA63A81514C4AF00C7177E;
			remoteInfo = ConstructiveEditor;
		};
/* End PBXContainerItemProxy section */

/* Begin PBXFileReference section */
		7517F5A815217494000EF32F /* EditAssemblyViewController.h */ = {isa = PBXFileReference; fileEncoding = 4; lastKnownFileType = sourcecode.c.h; path = EditAssemblyViewController.h; sourceTree = "<group>"; };
		7517F5A915217494000EF32F /* EditAssemblyViewController.m */ = {isa = PBXFileReference; fileEncoding = 4; lastKnownFileType = sourcecode.c.objc; path = EditAssemblyViewController.m; sourceTree = "<group>"; };
		751C5F63161054B20025AFA4 /* AssemblyValidator.h */ = {isa = PBXFileReference; fileEncoding = 4; lastKnownFileType = sourcecode.c.h; name = AssemblyValidator.h; path = Utilities/AssemblyValidator.h; sourceTree = "<group>"; };
		751C5F64161054B20025AFA4 /* AssemblyValidator.mm */ = {isa = PBXFileReference; fileEncoding = 4; lastKnownFileType = sourcecode.cpp.objcpp; name = AssemblyValidator.mm; path = Utilities/AssemblyValidator.mm; sourceTree = "<group>"; };
		7526384015DFAD4300E2A8A9 /* DetailCellView.h */ = {isa = PBXFileReference; fileEncoding = 4; lastKnownFileType = sourcecode.c.h; path = DetailCellView.h; sourceTree = "<group>"; };
		7526384115DFAD4300E2A8A9 /* DetailCellView.m */ = {isa = PBXFileReference; fileEncoding = 4; lastKnownFileType = sourcecode.c.objc; path = DetailCellView.m; sourceTree = "<group>"; };
		7529F94515199C3200C13C90 /* AppDelegate.h */ = {isa = PBXFileReference; fileEncoding = 4; lastKnownFileType = sourcecode.c.h; path = AppDelegate.h; sourceTree = "<group>"; };
		7529F94615199C3200C13C90 /* AppDelegate.m */ = {isa = PBXFileReference; fileEncoding = 4; lastKnownFileType = sourcecode.c.objc; path = AppDelegate.m; sourceTree = "<group>"; };
		7529F94815199C3200C13C90 /* NSValueToDataTransformer.h */ = {isa = PBXFileReference; fileEncoding = 4; lastKnownFileType = sourcecode.c.h; path = NSValueToDataTransformer.h; sourceTree = "<group>"; };
		7529F94915199C3200C13C90 /* NSValueToDataTransformer.m */ = {isa = PBXFileReference; fileEncoding = 4; lastKnownFileType = sourcecode.c.objc; path = NSValueToDataTransformer.m; sourceTree = "<group>"; };
		7529F94F15199C3200C13C90 /* Model.xcdatamodel */ = {isa = PBXFileReference; lastKnownFileType = wrapper.xcdatamodel; path = Model.xcdatamodel; sourceTree = "<group>"; };
		7529F95015199C3200C13C90 /* UIColorToDataTransformer.h */ = {isa = PBXFileReference; fileEncoding = 4; lastKnownFileType = sourcecode.c.h; path = UIColorToDataTransformer.h; sourceTree = "<group>"; };
		7529F95115199C3200C13C90 /* UIColorToDataTransformer.m */ = {isa = PBXFileReference; fileEncoding = 4; lastKnownFileType = sourcecode.c.objc; path = UIColorToDataTransformer.m; sourceTree = "<group>"; };
		7529F95215199C3200C13C90 /* UIImageToDataTransformer.h */ = {isa = PBXFileReference; fileEncoding = 4; lastKnownFileType = sourcecode.c.h; path = UIImageToDataTransformer.h; sourceTree = "<group>"; };
		7529F95315199C3200C13C90 /* UIImageToDataTransformer.m */ = {isa = PBXFileReference; fileEncoding = 4; lastKnownFileType = sourcecode.c.objc; path = UIImageToDataTransformer.m; sourceTree = "<group>"; };
		7529F95815199C3200C13C90 /* en */ = {isa = PBXFileReference; lastKnownFileType = text.plist.strings; name = en; path = en.lproj/InfoPlist.strings; sourceTree = "<group>"; };
		7529F95A15199C3200C13C90 /* en */ = {isa = PBXFileReference; lastKnownFileType = file.storyboard; name = en; path = en.lproj/MainStoryboard_iPad.storyboard; sourceTree = "<group>"; };
		7529F95C15199C3200C13C90 /* en */ = {isa = PBXFileReference; lastKnownFileType = file.storyboard; name = en; path = en.lproj/MainStoryboard_iPhone.storyboard; sourceTree = "<group>"; };
		7529F95E15199C3200C13C90 /* StartMenuViewController.h */ = {isa = PBXFileReference; fileEncoding = 4; lastKnownFileType = sourcecode.c.h; path = StartMenuViewController.h; sourceTree = "<group>"; };
		7529F95F15199C3200C13C90 /* StartMenuViewController.m */ = {isa = PBXFileReference; fileEncoding = 4; lastKnownFileType = sourcecode.c.objc; path = StartMenuViewController.m; sourceTree = "<group>"; };
		7529F96D15199CBD00C13C90 /* CoreData.framework */ = {isa = PBXFileReference; lastKnownFileType = wrapper.framework; name = CoreData.framework; path = System/Library/Frameworks/CoreData.framework; sourceTree = SDKROOT; };
		7529F9721519A33A00C13C90 /* RootAssemblyViewController.h */ = {isa = PBXFileReference; fileEncoding = 4; lastKnownFileType = sourcecode.c.h; path = RootAssemblyViewController.h; sourceTree = "<group>"; };
		7529F9731519A33A00C13C90 /* RootAssemblyViewController.m */ = {isa = PBXFileReference; fileEncoding = 4; lastKnownFileType = sourcecode.c.objc; path = RootAssemblyViewController.m; sourceTree = "<group>"; };
		7529F978151AE69A00C13C90 /* DetailType.h */ = {isa = PBXFileReference; fileEncoding = 4; lastKnownFileType = sourcecode.c.h; path = DetailType.h; sourceTree = "<group>"; };
		7529F979151AE69A00C13C90 /* DetailType.m */ = {isa = PBXFileReference; fileEncoding = 4; lastKnownFileType = sourcecode.c.objc; path = DetailType.m; sourceTree = "<group>"; };
		7529F97B151AE73100C13C90 /* Detail.h */ = {isa = PBXFileReference; fileEncoding = 4; lastKnownFileType = sourcecode.c.h; path = Detail.h; sourceTree = "<group>"; };
		7529F97C151AE73100C13C90 /* Detail.m */ = {isa = PBXFileReference; fileEncoding = 4; lastKnownFileType = sourcecode.c.objc; path = Detail.m; sourceTree = "<group>"; };
		7529F981151B0C2A00C13C90 /* Assembly.h */ = {isa = PBXFileReference; fileEncoding = 4; lastKnownFileType = sourcecode.c.h; path = Assembly.h; sourceTree = "<group>"; };
		7529F982151B0C2A00C13C90 /* Assembly.m */ = {isa = PBXFileReference; fileEncoding = 4; lastKnownFileType = sourcecode.c.objc; path = Assembly.m; sourceTree = "<group>"; };
		753270A416BEE7E5005A1B83 /* QuartzCore.framework */ = {isa = PBXFileReference; lastKnownFileType = wrapper.framework; name = QuartzCore.framework; path = System/Library/Frameworks/QuartzCore.framework; sourceTree = SDKROOT; };
		753270AB16C414A2005A1B83 /* ImageVisualFrameCalculator.h */ = {isa = PBXFileReference; fileEncoding = 4; lastKnownFileType = sourcecode.c.h; name = ImageVisualFrameCalculator.h; path = Utilities/ImageVisualFrameCalculator.h; sourceTree = "<group>"; };
		753270AC16C414A2005A1B83 /* ImageVisualFrameCalculator.m */ = {isa = PBXFileReference; fileEncoding = 4; lastKnownFileType = sourcecode.c.objc; name = ImageVisualFrameCalculator.m; path = Utilities/ImageVisualFrameCalculator.m; sourceTree = "<group>"; };
		7532EBBF15DFA3B600395B11 /* DetailTypesViewController.h */ = {isa = PBXFileReference; fileEncoding = 4; lastKnownFileType = sourcecode.c.h; path = DetailTypesViewController.h; sourceTree = "<group>"; };
		7532EBC015DFA3B600395B11 /* DetailTypesViewController.m */ = {isa = PBXFileReference; fileEncoding = 4; lastKnownFileType = sourcecode.c.objc; path = DetailTypesViewController.m; sourceTree = "<group>"; };
		7532EBC115DFA3B600395B11 /* EditDetailTypeViewController.h */ = {isa = PBXFileReference; fileEncoding = 4; lastKnownFileType = sourcecode.c.h; path = EditDetailTypeViewController.h; sourceTree = "<group>"; };
		7532EBC215DFA3B600395B11 /* EditDetailTypeViewController.m */ = {isa = PBXFileReference; fileEncoding = 4; lastKnownFileType = sourcecode.c.objc; path = EditDetailTypeViewController.m; sourceTree = "<group>"; };
		754FF90B15FCD01300A2D555 /* AssemblyType.h */ = {isa = PBXFileReference; fileEncoding = 4; lastKnownFileType = sourcecode.c.h; path = AssemblyType.h; sourceTree = "<group>"; };
		754FF90C15FCD01400A2D555 /* AssemblyType.m */ = {isa = PBXFileReference; fileEncoding = 4; lastKnownFileType = sourcecode.c.objc; path = AssemblyType.m; sourceTree = "<group>"; };
		756BA30515F143C0009F0C9D /* pin.png */ = {isa = PBXFileReference; lastKnownFileType = image.png; path = pin.png; sourceTree = "<group>"; };
		757A153615E3BF8D00E89FBC /* AlertView.h */ = {isa = PBXFileReference; fileEncoding = 4; lastKnownFileType = sourcecode.c.h; path = AlertView.h; sourceTree = "<group>"; };
		757A153715E3BF8D00E89FBC /* AlertView.m */ = {isa = PBXFileReference; fileEncoding = 4; lastKnownFileType = sourcecode.c.objc; path = AlertView.m; sourceTree = "<group>"; };
		757A153915ED1EAD00E89FBC /* PreferencesKeys.h */ = {isa = PBXFileReference; lastKnownFileType = sourcecode.c.h; name = PreferencesKeys.h; path = Preferences/PreferencesKeys.h; sourceTree = "<group>"; };
		757A153B15ED256E00E89FBC /* PreferencesKeys.m */ = {isa = PBXFileReference; fileEncoding = 4; lastKnownFileType = sourcecode.c.objc; name = PreferencesKeys.m; path = Preferences/PreferencesKeys.m; sourceTree = "<group>"; };
		757A153D15EE77B400E89FBC /* ActionSheet.h */ = {isa = PBXFileReference; fileEncoding = 4; lastKnownFileType = sourcecode.c.h; path = ActionSheet.h; sourceTree = "<group>"; };
		757A153E15EE77B400E89FBC /* ActionSheet.m */ = {isa = PBXFileReference; fileEncoding = 4; lastKnownFileType = sourcecode.c.objc; path = ActionSheet.m; sourceTree = "<group>"; };
		757B0CB4160DF82B008883C0 /* VisualSelectablePointer.h */ = {isa = PBXFileReference; fileEncoding = 4; lastKnownFileType = sourcecode.c.h; name = VisualSelectablePointer.h; path = ConstructiveEditor/Utilities/VisualSelectablePointer.h; sourceTree = "<group>"; };
		757B0CB5160DF82B008883C0 /* VisualSelectablePointer.m */ = {isa = PBXFileReference; fileEncoding = 4; lastKnownFileType = sourcecode.c.objc; name = VisualSelectablePointer.m; path = ConstructiveEditor/Utilities/VisualSelectablePointer.m; sourceTree = "<group>"; };
		757B0CB8160F137C008883C0 /* PreferencesViewController.h */ = {isa = PBXFileReference; fileEncoding = 4; lastKnownFileType = sourcecode.c.h; path = PreferencesViewController.h; sourceTree = "<group>"; };
		757B0CB9160F137C008883C0 /* PreferencesViewController.m */ = {isa = PBXFileReference; fileEncoding = 4; lastKnownFileType = sourcecode.c.objc; path = PreferencesViewController.m; sourceTree = "<group>"; };
		757B0CBB160F5033008883C0 /* PreferenceOptionsViewController.h */ = {isa = PBXFileReference; fileEncoding = 4; lastKnownFileType = sourcecode.c.h; path = PreferenceOptionsViewController.h; sourceTree = "<group>"; };
		757B0CBC160F5033008883C0 /* PreferenceOptionsViewController.m */ = {isa = PBXFileReference; fileEncoding = 4; lastKnownFileType = sourcecode.c.objc; path = PreferenceOptionsViewController.m; sourceTree = "<group>"; };
		757EBCEE15F0E7B8004218D2 /* NoPhotoBig.png */ = {isa = PBXFileReference; lastKnownFileType = image.png; name = NoPhotoBig.png; path = en.lproj/Images/NoPhotoBig.png; sourceTree = "<group>"; };
		757F600815EF8F490022FC67 /* StandardActionsPerformer.h */ = {isa = PBXFileReference; fileEncoding = 4; lastKnownFileType = sourcecode.c.h; name = StandardActionsPerformer.h; path = Utilities/StandardActionsPerformer.h; sourceTree = "<group>"; };
		757F600915EF8F490022FC67 /* StandardActionsPerformer.m */ = {isa = PBXFileReference; fileEncoding = 4; lastKnownFileType = sourcecode.c.objc; name = StandardActionsPerformer.m; path = Utilities/StandardActionsPerformer.m; sourceTree = "<group>"; };
		75800F9015FC90A800E5262E /* DirectoryWatcher.h */ = {isa = PBXFileReference; fileEncoding = 4; lastKnownFileType = sourcecode.c.h; name = DirectoryWatcher.h; path = Utilities/DirectoryWatcher.h; sourceTree = "<group>"; };
		75800F9115FC90A800E5262E /* DirectoryWatcher.m */ = {isa = PBXFileReference; fileEncoding = 4; lastKnownFileType = sourcecode.c.objc; name = DirectoryWatcher.m; path = Utilities/DirectoryWatcher.m; sourceTree = "<group>"; };
		75823397154177BF009BBA8B /* NSManagedObjectContextExtension.h */ = {isa = PBXFileReference; fileEncoding = 4; lastKnownFileType = sourcecode.c.h; path = NSManagedObjectContextExtension.h; sourceTree = "<group>"; };
		75823398154177BF009BBA8B /* NSManagedObjectContextExtension.m */ = {isa = PBXFileReference; fileEncoding = 4; lastKnownFileType = sourcecode.c.objc; path = NSManagedObjectContextExtension.m; sourceTree = "<group>"; };
		758520D015F395C50071A662 /* EditDetailViewController.h */ = {isa = PBXFileReference; fileEncoding = 4; lastKnownFileType = sourcecode.c.h; path = EditDetailViewController.h; sourceTree = "<group>"; };
		758520D115F395C50071A662 /* EditDetailViewController.m */ = {isa = PBXFileReference; fileEncoding = 4; lastKnownFileType = sourcecode.c.objc; path = EditDetailViewController.m; sourceTree = "<group>"; };
		758520D415F3A68D0071A662 /* DetailTypeCellView.h */ = {isa = PBXFileReference; fileEncoding = 4; lastKnownFileType = sourcecode.c.h; path = DetailTypeCellView.h; sourceTree = "<group>"; };
		758520D515F3A68D0071A662 /* DetailTypeCellView.m */ = {isa = PBXFileReference; fileEncoding = 4; lastKnownFileType = sourcecode.c.objc; path = DetailTypeCellView.m; sourceTree = "<group>"; };
		758DA6AF16DAC135005D59A4 /* liftarm_bottom_left.png */ = {isa = PBXFileReference; lastKnownFileType = image.png; path = liftarm_bottom_left.png; sourceTree = "<group>"; };
		758DA6B016DAC135005D59A4 /* liftarm_center.png */ = {isa = PBXFileReference; lastKnownFileType = image.png; path = liftarm_center.png; sourceTree = "<group>"; };
		758DA6B116DAC136005D59A4 /* liftarm_top_right.png */ = {isa = PBXFileReference; lastKnownFileType = image.png; path = liftarm_top_right.png; sourceTree = "<group>"; };
		75A26D9E15218B2200449686 /* camera.png */ = {isa = PBXFileReference; lastKnownFileType = image.png; path = camera.png; sourceTree = "<group>"; };
		75B7DA421521796100C02F18 /* AssemblyCellView.h */ = {isa = PBXFileReference; fileEncoding = 4; lastKnownFileType = sourcecode.c.h; path = AssemblyCellView.h; sourceTree = "<group>"; };
		75B7DA431521796100C02F18 /* AssemblyCellView.m */ = {isa = PBXFileReference; fileEncoding = 4; lastKnownFileType = sourcecode.c.objc; path = AssemblyCellView.m; sourceTree = "<group>"; };
		75CF685F16B58D2900DEE4B4 /* InstructionPreviewViewController.h */ = {isa = PBXFileReference; fileEncoding = 4; lastKnownFileType = sourcecode.c.h; path = InstructionPreviewViewController.h; sourceTree = "<group>"; };
		75CF686016B58D2900DEE4B4 /* InstructionPreviewViewController.m */ = {isa = PBXFileReference; fileEncoding = 4; lastKnownFileType = sourcecode.c.objc; path = InstructionPreviewViewController.m; sourceTree = "<group>"; };
		75D58E6516F4C1DC000B231C /* RootAssemblyReference.h */ = {isa = PBXFileReference; fileEncoding = 4; lastKnownFileType = sourcecode.c.h; path = RootAssemblyReference.h; sourceTree = "<group>"; };
		75D58E6616F4C1DC000B231C /* RootAssemblyReference.m */ = {isa = PBXFileReference; fileEncoding = 4; lastKnownFileType = sourcecode.c.objc; path = RootAssemblyReference.m; sourceTree = "<group>"; };
		75E28A3F16DBDBDA004FBCF5 /* EditDetailTypeAdditionalInfoViewController.h */ = {isa = PBXFileReference; fileEncoding = 4; lastKnownFileType = sourcecode.c.h; path = EditDetailTypeAdditionalInfoViewController.h; sourceTree = "<group>"; };
		75E28A4016DBDBDA004FBCF5 /* EditDetailTypeAdditionalInfoViewController.m */ = {isa = PBXFileReference; fileEncoding = 4; lastKnownFileType = sourcecode.c.objc; path = EditDetailTypeAdditionalInfoViewController.m; sourceTree = "<group>"; };
		75E5F33215FDAF4900C363FA /* AssemblyTypesShelf.h */ = {isa = PBXFileReference; fileEncoding = 4; lastKnownFileType = sourcecode.c.h; path = AssemblyTypesShelf.h; sourceTree = "<group>"; };
		75E5F33315FDAF4900C363FA /* AssemblyTypesShelf.m */ = {isa = PBXFileReference; fileEncoding = 4; lastKnownFileType = sourcecode.c.objc; path = AssemblyTypesShelf.m; sourceTree = "<group>"; };
		75E5F36616013BCC00C363FA /* convertDocument_Highlighted_iPhone.png */ = {isa = PBXFileReference; lastKnownFileType = image.png; path = convertDocument_Highlighted_iPhone.png; sourceTree = "<group>"; };
		75E5F36716013BCC00C363FA /* convertDocument_Highlighted_iPhone@2x.png */ = {isa = PBXFileReference; lastKnownFileType = image.png; path = "convertDocument_Highlighted_iPhone@2x.png"; sourceTree = "<group>"; };
		75E5F36816013BCC00C363FA /* convertDocument_Normal_iPhone.png */ = {isa = PBXFileReference; lastKnownFileType = image.png; path = convertDocument_Normal_iPhone.png; sourceTree = "<group>"; };
		75E5F36916013BCC00C363FA /* convertDocument_Normal_iPhone@2x.png */ = {isa = PBXFileReference; lastKnownFileType = image.png; path = "convertDocument_Normal_iPhone@2x.png"; sourceTree = "<group>"; };
		75E5F36A16013BCC00C363FA /* detach_Highlighted_iPhone.png */ = {isa = PBXFileReference; lastKnownFileType = image.png; path = detach_Highlighted_iPhone.png; sourceTree = "<group>"; };
		75E5F36B16013BCC00C363FA /* detach_Highlighted_iPhone@2x.png */ = {isa = PBXFileReference; lastKnownFileType = image.png; path = "detach_Highlighted_iPhone@2x.png"; sourceTree = "<group>"; };
		75E5F36C16013BCC00C363FA /* detach_Normal_iPhone.png */ = {isa = PBXFileReference; lastKnownFileType = image.png; path = detach_Normal_iPhone.png; sourceTree = "<group>"; };
		75E5F36D16013BCC00C363FA /* detach_Normal_iPhone@2x.png */ = {isa = PBXFileReference; lastKnownFileType = image.png; path = "detach_Normal_iPhone@2x.png"; sourceTree = "<group>"; };
		75E5F37616013BDC00C363FA /* preferences_Normal_iPhone.png */ = {isa = PBXFileReference; lastKnownFileType = image.png; path = preferences_Normal_iPhone.png; sourceTree = "<group>"; };
		75E5F37716013BDC00C363FA /* preferences_Normal_iPhone@2x.png */ = {isa = PBXFileReference; lastKnownFileType = image.png; path = "preferences_Normal_iPhone@2x.png"; sourceTree = "<group>"; };
		75E5F37816013BDC00C363FA /* references_Highlighted_iPhone.png */ = {isa = PBXFileReference; lastKnownFileType = image.png; path = references_Highlighted_iPhone.png; sourceTree = "<group>"; };
		75E5F37916013BDC00C363FA /* references_Highlighted_iPhone@2x.png */ = {isa = PBXFileReference; lastKnownFileType = image.png; path = "references_Highlighted_iPhone@2x.png"; sourceTree = "<group>"; };
		75E5F37A16013BDC00C363FA /* rotate_Highlighted_iPhone.png */ = {isa = PBXFileReference; lastKnownFileType = image.png; path = rotate_Highlighted_iPhone.png; sourceTree = "<group>"; };
		75E5F37B16013BDC00C363FA /* rotate_Highlighted_iPhone@2x.png */ = {isa = PBXFileReference; lastKnownFileType = image.png; path = "rotate_Highlighted_iPhone@2x.png"; sourceTree = "<group>"; };
		75E5F37C16013BDC00C363FA /* rotate_Normal_iPhone.png */ = {isa = PBXFileReference; lastKnownFileType = image.png; path = rotate_Normal_iPhone.png; sourceTree = "<group>"; };
		75E5F37D16013BDC00C363FA /* rotate_Normal_iPhone@2x.png */ = {isa = PBXFileReference; lastKnownFileType = image.png; path = "rotate_Normal_iPhone@2x.png"; sourceTree = "<group>"; };
		75E5F37E16013BDC00C363FA /* split_Highlighted_iPhone.png */ = {isa = PBXFileReference; lastKnownFileType = image.png; path = split_Highlighted_iPhone.png; sourceTree = "<group>"; };
		75E5F37F16013BDC00C363FA /* split_Highlighted_iPhone@2x.png */ = {isa = PBXFileReference; lastKnownFileType = image.png; path = "split_Highlighted_iPhone@2x.png"; sourceTree = "<group>"; };
		75E5F38016013BDC00C363FA /* split_Normal_iPhone.png */ = {isa = PBXFileReference; lastKnownFileType = image.png; path = split_Normal_iPhone.png; sourceTree = "<group>"; };
		75E5F38116013BDC00C363FA /* split_Normal_iPhone@2x.png */ = {isa = PBXFileReference; lastKnownFileType = image.png; path = "split_Normal_iPhone@2x.png"; sourceTree = "<group>"; };
		75E5F38216013BDC00C363FA /* transform_Highlighted_iPhone.png */ = {isa = PBXFileReference; lastKnownFileType = image.png; path = transform_Highlighted_iPhone.png; sourceTree = "<group>"; };
		75E5F38316013BDC00C363FA /* transform_Highlighted_iPhone@2x.png */ = {isa = PBXFileReference; lastKnownFileType = image.png; path = "transform_Highlighted_iPhone@2x.png"; sourceTree = "<group>"; };
		75E5F38416013BDC00C363FA /* transform_Normal_iPhone.png */ = {isa = PBXFileReference; lastKnownFileType = image.png; path = transform_Normal_iPhone.png; sourceTree = "<group>"; };
		75E5F38516013BDC00C363FA /* transform_Normal_iPhone@2x.png */ = {isa = PBXFileReference; lastKnownFileType = image.png; path = "transform_Normal_iPhone@2x.png"; sourceTree = "<group>"; };
		75EB423C16EA9DB300FB7540 /* MBProgressHUD.h */ = {isa = PBXFileReference; fileEncoding = 4; lastKnownFileType = sourcecode.c.h; path = MBProgressHUD.h; sourceTree = "<group>"; };
		75EB423D16EA9DB300FB7540 /* MBProgressHUD.m */ = {isa = PBXFileReference; fileEncoding = 4; lastKnownFileType = sourcecode.c.objc; path = MBProgressHUD.m; sourceTree = "<group>"; };
		75EB424216EC683C00FB7540 /* Picture.h */ = {isa = PBXFileReference; fileEncoding = 4; lastKnownFileType = sourcecode.c.h; path = Picture.h; sourceTree = "<group>"; };
		75EB424316EC683C00FB7540 /* Picture.m */ = {isa = PBXFileReference; fileEncoding = 4; lastKnownFileType = sourcecode.c.objc; path = Picture.m; sourceTree = "<group>"; };
		75EB424516EC814200FB7540 /* UINavigationControllerExtension.h */ = {isa = PBXFileReference; fileEncoding = 4; lastKnownFileType = sourcecode.c.h; path = UINavigationControllerExtension.h; sourceTree = "<group>"; };
		75EB424616EC814200FB7540 /* UINavigationControllerExtension.m */ = {isa = PBXFileReference; fileEncoding = 4; lastKnownFileType = sourcecode.c.objc; path = UINavigationControllerExtension.m; sourceTree = "<group>"; };
		75EB424816EC83BC00FB7540 /* UIImagePickerControllerExtension.h */ = {isa = PBXFileReference; fileEncoding = 4; lastKnownFileType = sourcecode.c.h; path = UIImagePickerControllerExtension.h; sourceTree = "<group>"; };
		75EB424916EC83BC00FB7540 /* UIImagePickerControllerExtension.m */ = {isa = PBXFileReference; fileEncoding = 4; lastKnownFileType = sourcecode.c.objc; path = UIImagePickerControllerExtension.m; sourceTree = "<group>"; };
		75EB424B16EC906E00FB7540 /* ImageIO.framework */ = {isa = PBXFileReference; lastKnownFileType = wrapper.framework; name = ImageIO.framework; path = System/Library/Frameworks/ImageIO.framework; sourceTree = SDKROOT; };
		75EB424D16EC93BD00FB7540 /* UIImage+Resize.h */ = {isa = PBXFileReference; fileEncoding = 4; lastKnownFileType = sourcecode.c.h; path = "UIImage+Resize.h"; sourceTree = "<group>"; };
		75EB424E16EC93BD00FB7540 /* UIImage+Resize.m */ = {isa = PBXFileReference; fileEncoding = 4; lastKnownFileType = sourcecode.c.objc; path = "UIImage+Resize.m"; sourceTree = "<group>"; };
		75EB425016EC947D00FB7540 /* UIImage+Alpha.h */ = {isa = PBXFileReference; fileEncoding = 4; lastKnownFileType = sourcecode.c.h; path = "UIImage+Alpha.h"; sourceTree = "<group>"; };
		75EB425116EC947E00FB7540 /* UIImage+Alpha.m */ = {isa = PBXFileReference; fileEncoding = 4; lastKnownFileType = sourcecode.c.objc; path = "UIImage+Alpha.m"; sourceTree = "<group>"; };
		75EB425216EC947E00FB7540 /* UIImage+RoundedCorner.h */ = {isa = PBXFileReference; fileEncoding = 4; lastKnownFileType = sourcecode.c.h; path = "UIImage+RoundedCorner.h"; sourceTree = "<group>"; };
		75EB425316EC947E00FB7540 /* UIImage+RoundedCorner.m */ = {isa = PBXFileReference; fileEncoding = 4; lastKnownFileType = sourcecode.c.objc; path = "UIImage+RoundedCorner.m"; sourceTree = "<group>"; };
		75EE288B160B17C400050997 /* Constants.h */ = {isa = PBXFileReference; fileEncoding = 4; lastKnownFileType = sourcecode.c.h; name = Constants.h; path = Utilities/Constants.h; sourceTree = "<group>"; };
		75EE288C160B17C400050997 /* Constants.m */ = {isa = PBXFileReference; fileEncoding = 4; lastKnownFileType = sourcecode.c.objc; name = Constants.m; path = Utilities/Constants.m; sourceTree = "<group>"; };
		75EE288F160B524100050997 /* pinSelected.png */ = {isa = PBXFileReference; lastKnownFileType = image.png; path = pinSelected.png; sourceTree = "<group>"; };
		84EA63A91514C4AF00C7177E /* ConstructiveEditor.app */ = {isa = PBXFileReference; explicitFileType = wrapper.application; includeInIndex = 0; path = ConstructiveEditor.app; sourceTree = BUILT_PRODUCTS_DIR; };
		84EA63AD1514C4AF00C7177E /* UIKit.framework */ = {isa = PBXFileReference; lastKnownFileType = wrapper.framework; name = UIKit.framework; path = System/Library/Frameworks/UIKit.framework; sourceTree = SDKROOT; };
		84EA63AF1514C4AF00C7177E /* Foundation.framework */ = {isa = PBXFileReference; lastKnownFileType = wrapper.framework; name = Foundation.framework; path = System/Library/Frameworks/Foundation.framework; sourceTree = SDKROOT; };
		84EA63B11514C4AF00C7177E /* CoreGraphics.framework */ = {isa = PBXFileReference; lastKnownFileType = wrapper.framework; name = CoreGraphics.framework; path = System/Library/Frameworks/CoreGraphics.framework; sourceTree = SDKROOT; };
		84EA63B51514C4AF00C7177E /* ConstructiveEditor-Info.plist */ = {isa = PBXFileReference; lastKnownFileType = text.plist.xml; path = "ConstructiveEditor-Info.plist"; sourceTree = "<group>"; };
		84EA63B91514C4AF00C7177E /* main.m */ = {isa = PBXFileReference; lastKnownFileType = sourcecode.c.objc; path = main.m; sourceTree = "<group>"; };
		84EA63BB1514C4AF00C7177E /* ConstructiveEditor-Prefix.pch */ = {isa = PBXFileReference; lastKnownFileType = sourcecode.c.h; path = "ConstructiveEditor-Prefix.pch"; sourceTree = "<group>"; };
		84EA63CD1514C4AF00C7177E /* ConstructiveEditorTests.octest */ = {isa = PBXFileReference; explicitFileType = wrapper.cfbundle; includeInIndex = 0; path = ConstructiveEditorTests.octest; sourceTree = BUILT_PRODUCTS_DIR; };
		84EA63CE1514C4AF00C7177E /* SenTestingKit.framework */ = {isa = PBXFileReference; lastKnownFileType = wrapper.framework; name = SenTestingKit.framework; path = Library/Frameworks/SenTestingKit.framework; sourceTree = DEVELOPER_DIR; };
		84EA63D61514C4AF00C7177E /* ConstructiveEditorTests-Info.plist */ = {isa = PBXFileReference; lastKnownFileType = text.plist.xml; path = "ConstructiveEditorTests-Info.plist"; sourceTree = "<group>"; };
		84EA63D81514C4AF00C7177E /* en */ = {isa = PBXFileReference; lastKnownFileType = text.plist.strings; name = en; path = en.lproj/InfoPlist.strings; sourceTree = "<group>"; };
		84EA63DA1514C4AF00C7177E /* ConstructiveEditorTests.h */ = {isa = PBXFileReference; lastKnownFileType = sourcecode.c.h; path = ConstructiveEditorTests.h; sourceTree = "<group>"; };
		84EA63DB1514C4AF00C7177E /* ConstructiveEditorTests.m */ = {isa = PBXFileReference; lastKnownFileType = sourcecode.c.objc; path = ConstructiveEditorTests.m; sourceTree = "<group>"; };
		84F883E91535B53A00EA0438 /* AssembliesAndDetailsViewController.h */ = {isa = PBXFileReference; fileEncoding = 4; lastKnownFileType = sourcecode.c.h; path = AssembliesAndDetailsViewController.h; sourceTree = "<group>"; };
		84F883EA1535B53A00EA0438 /* AssembliesAndDetailsViewController.m */ = {isa = PBXFileReference; fileEncoding = 4; lastKnownFileType = sourcecode.c.objc; path = AssembliesAndDetailsViewController.m; sourceTree = "<group>"; };
/* End PBXFileReference section */

/* Begin PBXFrameworksBuildPhase section */
		84EA63A61514C4AF00C7177E /* Frameworks */ = {
			isa = PBXFrameworksBuildPhase;
			buildActionMask = 2147483647;
			files = (
				75EB424C16EC906F00FB7540 /* ImageIO.framework in Frameworks */,
				753270A516BEE7E5005A1B83 /* QuartzCore.framework in Frameworks */,
				7529F96E15199CBD00C13C90 /* CoreData.framework in Frameworks */,
				84EA63AE1514C4AF00C7177E /* UIKit.framework in Frameworks */,
				84EA63B01514C4AF00C7177E /* Foundation.framework in Frameworks */,
				84EA63B21514C4AF00C7177E /* CoreGraphics.framework in Frameworks */,
			);
			runOnlyForDeploymentPostprocessing = 0;
		};
		84EA63C91514C4AF00C7177E /* Frameworks */ = {
			isa = PBXFrameworksBuildPhase;
			buildActionMask = 2147483647;
			files = (
				84EA63CF1514C4AF00C7177E /* SenTestingKit.framework in Frameworks */,
				84EA63D01514C4AF00C7177E /* UIKit.framework in Frameworks */,
				84EA63D11514C4AF00C7177E /* Foundation.framework in Frameworks */,
			);
			runOnlyForDeploymentPostprocessing = 0;
		};
/* End PBXFrameworksBuildPhase section */

/* Begin PBXGroup section */
		7529F94415199C3200C13C90 /* AppDelegate */ = {
			isa = PBXGroup;
			children = (
				7529F94515199C3200C13C90 /* AppDelegate.h */,
				7529F94615199C3200C13C90 /* AppDelegate.m */,
			);
			path = AppDelegate;
			sourceTree = "<group>";
		};
		7529F94715199C3200C13C90 /* DataModels */ = {
			isa = PBXGroup;
			children = (
				754FF90B15FCD01300A2D555 /* AssemblyType.h */,
				754FF90C15FCD01400A2D555 /* AssemblyType.m */,
				7529F94E15199C3200C13C90 /* Model.xcdatamodeld */,
				75E5F33215FDAF4900C363FA /* AssemblyTypesShelf.h */,
				75E5F33315FDAF4900C363FA /* AssemblyTypesShelf.m */,
				7529F981151B0C2A00C13C90 /* Assembly.h */,
				7529F982151B0C2A00C13C90 /* Assembly.m */,
				7529F97B151AE73100C13C90 /* Detail.h */,
				7529F97C151AE73100C13C90 /* Detail.m */,
				7529F978151AE69A00C13C90 /* DetailType.h */,
				7529F979151AE69A00C13C90 /* DetailType.m */,
				7529F94815199C3200C13C90 /* NSValueToDataTransformer.h */,
				7529F94915199C3200C13C90 /* NSValueToDataTransformer.m */,
				7529F95015199C3200C13C90 /* UIColorToDataTransformer.h */,
				7529F95115199C3200C13C90 /* UIColorToDataTransformer.m */,
				7529F95215199C3200C13C90 /* UIImageToDataTransformer.h */,
				7529F95315199C3200C13C90 /* UIImageToDataTransformer.m */,
				75EB424216EC683C00FB7540 /* Picture.h */,
				75EB424316EC683C00FB7540 /* Picture.m */,
				75D58E6516F4C1DC000B231C /* RootAssemblyReference.h */,
				75D58E6616F4C1DC000B231C /* RootAssemblyReference.m */,
			);
			path = DataModels;
			sourceTree = "<group>";
		};
		7529F95615199C3200C13C90 /* Resources */ = {
			isa = PBXGroup;
			children = (
				75B7DA791521875400C02F18 /* en */,
				75B7DA761521872D00C02F18 /* Images */,
			);
			path = Resources;
			sourceTree = "<group>";
		};
		7529F95D15199C3200C13C90 /* ViewControllers */ = {
			isa = PBXGroup;
			children = (
				758520D015F395C50071A662 /* EditDetailViewController.h */,
				758520D115F395C50071A662 /* EditDetailViewController.m */,
				7529F95E15199C3200C13C90 /* StartMenuViewController.h */,
				7529F95F15199C3200C13C90 /* StartMenuViewController.m */,
				7529F9721519A33A00C13C90 /* RootAssemblyViewController.h */,
				7529F9731519A33A00C13C90 /* RootAssemblyViewController.m */,
				84F883E91535B53A00EA0438 /* AssembliesAndDetailsViewController.h */,
				84F883EA1535B53A00EA0438 /* AssembliesAndDetailsViewController.m */,
				7517F5A815217494000EF32F /* EditAssemblyViewController.h */,
				7517F5A915217494000EF32F /* EditAssemblyViewController.m */,
				7532EBBF15DFA3B600395B11 /* DetailTypesViewController.h */,
				7532EBC015DFA3B600395B11 /* DetailTypesViewController.m */,
				7532EBC115DFA3B600395B11 /* EditDetailTypeViewController.h */,
				7532EBC215DFA3B600395B11 /* EditDetailTypeViewController.m */,
				75E28A3F16DBDBDA004FBCF5 /* EditDetailTypeAdditionalInfoViewController.h */,
				75E28A4016DBDBDA004FBCF5 /* EditDetailTypeAdditionalInfoViewController.m */,
				757B0CB8160F137C008883C0 /* PreferencesViewController.h */,
				757B0CB9160F137C008883C0 /* PreferencesViewController.m */,
				757B0CBB160F5033008883C0 /* PreferenceOptionsViewController.h */,
				757B0CBC160F5033008883C0 /* PreferenceOptionsViewController.m */,
				75CF685F16B58D2900DEE4B4 /* InstructionPreviewViewController.h */,
				75CF686016B58D2900DEE4B4 /* InstructionPreviewViewController.m */,
			);
			path = ViewControllers;
			sourceTree = "<group>";
		};
		7529F96015199C3200C13C90 /* Views */ = {
			isa = PBXGroup;
			children = (
				75B7DA421521796100C02F18 /* AssemblyCellView.h */,
				75B7DA431521796100C02F18 /* AssemblyCellView.m */,
				7526384015DFAD4300E2A8A9 /* DetailCellView.h */,
				7526384115DFAD4300E2A8A9 /* DetailCellView.m */,
				758520D415F3A68D0071A662 /* DetailTypeCellView.h */,
				758520D515F3A68D0071A662 /* DetailTypeCellView.m */,
				75EB423C16EA9DB300FB7540 /* MBProgressHUD.h */,
				75EB423D16EA9DB300FB7540 /* MBProgressHUD.m */,
			);
			path = Views;
			sourceTree = "<group>";
		};
		757A153A15ED1EBB00E89FBC /* Preferences */ = {
			isa = PBXGroup;
			children = (
				757A153915ED1EAD00E89FBC /* PreferencesKeys.h */,
				757A153B15ED256E00E89FBC /* PreferencesKeys.m */,
			);
			name = Preferences;
			sourceTree = "<group>";
		};
		757EBCEC15F0E753004218D2 /* Images */ = {
			isa = PBXGroup;
			children = (
				757EBCEE15F0E7B8004218D2 /* NoPhotoBig.png */,
			);
			name = Images;
			sourceTree = "<group>";
		};
		757F600615EF8E590022FC67 /* Utilities */ = {
			isa = PBXGroup;
			children = (
				75EE288B160B17C400050997 /* Constants.h */,
				75EE288C160B17C400050997 /* Constants.m */,
				75800F9015FC90A800E5262E /* DirectoryWatcher.h */,
				75800F9115FC90A800E5262E /* DirectoryWatcher.m */,
				757F600815EF8F490022FC67 /* StandardActionsPerformer.h */,
				757F600915EF8F490022FC67 /* StandardActionsPerformer.m */,
				751C5F63161054B20025AFA4 /* AssemblyValidator.h */,
				751C5F64161054B20025AFA4 /* AssemblyValidator.mm */,
				753270AB16C414A2005A1B83 /* ImageVisualFrameCalculator.h */,
				753270AC16C414A2005A1B83 /* ImageVisualFrameCalculator.m */,
			);
			name = Utilities;
			sourceTree = "<group>";
		};
		75823396154177BF009BBA8B /* Extensions */ = {
			isa = PBXGroup;
			children = (
				757A153D15EE77B400E89FBC /* ActionSheet.h */,
				757A153E15EE77B400E89FBC /* ActionSheet.m */,
				757A153615E3BF8D00E89FBC /* AlertView.h */,
				757A153715E3BF8D00E89FBC /* AlertView.m */,
				75823397154177BF009BBA8B /* NSManagedObjectContextExtension.h */,
				75823398154177BF009BBA8B /* NSManagedObjectContextExtension.m */,
				75EB425016EC947D00FB7540 /* UIImage+Alpha.h */,
				75EB425116EC947E00FB7540 /* UIImage+Alpha.m */,
				75EB425216EC947E00FB7540 /* UIImage+RoundedCorner.h */,
				75EB425316EC947E00FB7540 /* UIImage+RoundedCorner.m */,
				75EB424D16EC93BD00FB7540 /* UIImage+Resize.h */,
				75EB424E16EC93BD00FB7540 /* UIImage+Resize.m */,
				75EB424516EC814200FB7540 /* UINavigationControllerExtension.h */,
				75EB424616EC814200FB7540 /* UINavigationControllerExtension.m */,
				75EB424816EC83BC00FB7540 /* UIImagePickerControllerExtension.h */,
				75EB424916EC83BC00FB7540 /* UIImagePickerControllerExtension.m */,
			);
			path = Extensions;
			sourceTree = "<group>";
		};
		75B7DA761521872D00C02F18 /* Images */ = {
			isa = PBXGroup;
			children = (
				758DA6AF16DAC135005D59A4 /* liftarm_bottom_left.png */,
				758DA6B016DAC135005D59A4 /* liftarm_center.png */,
				758DA6B116DAC136005D59A4 /* liftarm_top_right.png */,
				75EE288F160B524100050997 /* pinSelected.png */,
				75E5F37616013BDC00C363FA /* preferences_Normal_iPhone.png */,
				75E5F37716013BDC00C363FA /* preferences_Normal_iPhone@2x.png */,
				75E5F37816013BDC00C363FA /* references_Highlighted_iPhone.png */,
				75E5F37916013BDC00C363FA /* references_Highlighted_iPhone@2x.png */,
				75E5F37A16013BDC00C363FA /* rotate_Highlighted_iPhone.png */,
				75E5F37B16013BDC00C363FA /* rotate_Highlighted_iPhone@2x.png */,
				75E5F37C16013BDC00C363FA /* rotate_Normal_iPhone.png */,
				75E5F37D16013BDC00C363FA /* rotate_Normal_iPhone@2x.png */,
				75E5F37E16013BDC00C363FA /* split_Highlighted_iPhone.png */,
				75E5F37F16013BDC00C363FA /* split_Highlighted_iPhone@2x.png */,
				75E5F38016013BDC00C363FA /* split_Normal_iPhone.png */,
				75E5F38116013BDC00C363FA /* split_Normal_iPhone@2x.png */,
				75E5F38216013BDC00C363FA /* transform_Highlighted_iPhone.png */,
				75E5F38316013BDC00C363FA /* transform_Highlighted_iPhone@2x.png */,
				75E5F38416013BDC00C363FA /* transform_Normal_iPhone.png */,
				75E5F38516013BDC00C363FA /* transform_Normal_iPhone@2x.png */,
				75E5F36616013BCC00C363FA /* convertDocument_Highlighted_iPhone.png */,
				75E5F36716013BCC00C363FA /* convertDocument_Highlighted_iPhone@2x.png */,
				75E5F36816013BCC00C363FA /* convertDocument_Normal_iPhone.png */,
				75E5F36916013BCC00C363FA /* convertDocument_Normal_iPhone@2x.png */,
				75E5F36A16013BCC00C363FA /* detach_Highlighted_iPhone.png */,
				75E5F36B16013BCC00C363FA /* detach_Highlighted_iPhone@2x.png */,
				75E5F36C16013BCC00C363FA /* detach_Normal_iPhone.png */,
				75E5F36D16013BCC00C363FA /* detach_Normal_iPhone@2x.png */,
				756BA30515F143C0009F0C9D /* pin.png */,
				75A26D9E15218B2200449686 /* camera.png */,
			);
			path = Images;
			sourceTree = "<group>";
		};
		75B7DA791521875400C02F18 /* en */ = {
			isa = PBXGroup;
			children = (
				757EBCEC15F0E753004218D2 /* Images */,
				7529F95715199C3200C13C90 /* InfoPlist.strings */,
				7529F95915199C3200C13C90 /* MainStoryboard_iPad.storyboard */,
				7529F95B15199C3200C13C90 /* MainStoryboard_iPhone.storyboard */,
			);
			name = en;
			sourceTree = "<group>";
		};
		84EA639E1514C4AF00C7177E = {
			isa = PBXGroup;
			children = (
				75EB424B16EC906E00FB7540 /* ImageIO.framework */,
				753270A416BEE7E5005A1B83 /* QuartzCore.framework */,
				757B0CB4160DF82B008883C0 /* VisualSelectablePointer.h */,
				757B0CB5160DF82B008883C0 /* VisualSelectablePointer.m */,
				7529F96D15199CBD00C13C90 /* CoreData.framework */,
				84EA63B31514C4AF00C7177E /* ConstructiveEditor */,
				84EA63D41514C4AF00C7177E /* ConstructiveEditorTests */,
				84EA63AC1514C4AF00C7177E /* Frameworks */,
				84EA63AA1514C4AF00C7177E /* Products */,
			);
			sourceTree = "<group>";
		};
		84EA63AA1514C4AF00C7177E /* Products */ = {
			isa = PBXGroup;
			children = (
				84EA63A91514C4AF00C7177E /* ConstructiveEditor.app */,
				84EA63CD1514C4AF00C7177E /* ConstructiveEditorTests.octest */,
			);
			name = Products;
			sourceTree = "<group>";
		};
		84EA63AC1514C4AF00C7177E /* Frameworks */ = {
			isa = PBXGroup;
			children = (
				84EA63AD1514C4AF00C7177E /* UIKit.framework */,
				84EA63AF1514C4AF00C7177E /* Foundation.framework */,
				84EA63B11514C4AF00C7177E /* CoreGraphics.framework */,
				84EA63CE1514C4AF00C7177E /* SenTestingKit.framework */,
			);
			name = Frameworks;
			sourceTree = "<group>";
		};
		84EA63B31514C4AF00C7177E /* ConstructiveEditor */ = {
			isa = PBXGroup;
			children = (
				7529F94415199C3200C13C90 /* AppDelegate */,
				7529F94715199C3200C13C90 /* DataModels */,
				75823396154177BF009BBA8B /* Extensions */,
				7529F95D15199C3200C13C90 /* ViewControllers */,
				7529F96015199C3200C13C90 /* Views */,
				757F600615EF8E590022FC67 /* Utilities */,
				757A153A15ED1EBB00E89FBC /* Preferences */,
				7529F95615199C3200C13C90 /* Resources */,
				84EA63B41514C4AF00C7177E /* Supporting Files */,
			);
			path = ConstructiveEditor;
			sourceTree = "<group>";
		};
		84EA63B41514C4AF00C7177E /* Supporting Files */ = {
			isa = PBXGroup;
			children = (
				84EA63B51514C4AF00C7177E /* ConstructiveEditor-Info.plist */,
				84EA63B91514C4AF00C7177E /* main.m */,
				84EA63BB1514C4AF00C7177E /* ConstructiveEditor-Prefix.pch */,
			);
			name = "Supporting Files";
			sourceTree = "<group>";
		};
		84EA63D41514C4AF00C7177E /* ConstructiveEditorTests */ = {
			isa = PBXGroup;
			children = (
				84EA63DA1514C4AF00C7177E /* ConstructiveEditorTests.h */,
				84EA63DB1514C4AF00C7177E /* ConstructiveEditorTests.m */,
				84EA63D51514C4AF00C7177E /* Supporting Files */,
			);
			path = ConstructiveEditorTests;
			sourceTree = "<group>";
		};
		84EA63D51514C4AF00C7177E /* Supporting Files */ = {
			isa = PBXGroup;
			children = (
				84EA63D61514C4AF00C7177E /* ConstructiveEditorTests-Info.plist */,
				84EA63D71514C4AF00C7177E /* InfoPlist.strings */,
			);
			name = "Supporting Files";
			sourceTree = "<group>";
		};
/* End PBXGroup section */

/* Begin PBXNativeTarget section */
		84EA63A81514C4AF00C7177E /* ConstructiveEditor */ = {
			isa = PBXNativeTarget;
			buildConfigurationList = 84EA63DF1514C4AF00C7177E /* Build configuration list for PBXNativeTarget "ConstructiveEditor" */;
			buildPhases = (
				84EA63A51514C4AF00C7177E /* Sources */,
				84EA63A61514C4AF00C7177E /* Frameworks */,
				84EA63A71514C4AF00C7177E /* Resources */,
			);
			buildRules = (
			);
			dependencies = (
			);
			name = ConstructiveEditor;
			productName = ConstructiveEditor;
			productReference = 84EA63A91514C4AF00C7177E /* ConstructiveEditor.app */;
			productType = "com.apple.product-type.application";
		};
		84EA63CC1514C4AF00C7177E /* ConstructiveEditorTests */ = {
			isa = PBXNativeTarget;
			buildConfigurationList = 84EA63E21514C4AF00C7177E /* Build configuration list for PBXNativeTarget "ConstructiveEditorTests" */;
			buildPhases = (
				84EA63C81514C4AF00C7177E /* Sources */,
				84EA63C91514C4AF00C7177E /* Frameworks */,
				84EA63CA1514C4AF00C7177E /* Resources */,
				84EA63CB1514C4AF00C7177E /* ShellScript */,
			);
			buildRules = (
			);
			dependencies = (
				84EA63D31514C4AF00C7177E /* PBXTargetDependency */,
			);
			name = ConstructiveEditorTests;
			productName = ConstructiveEditorTests;
			productReference = 84EA63CD1514C4AF00C7177E /* ConstructiveEditorTests.octest */;
			productType = "com.apple.product-type.bundle";
		};
/* End PBXNativeTarget section */

/* Begin PBXProject section */
		84EA63A01514C4AF00C7177E /* Project object */ = {
			isa = PBXProject;
			attributes = {
				LastUpgradeCheck = 0420;
			};
			buildConfigurationList = 84EA63A31514C4AF00C7177E /* Build configuration list for PBXProject "ConstructiveEditor" */;
			compatibilityVersion = "Xcode 3.2";
			developmentRegion = English;
			hasScannedForEncodings = 0;
			knownRegions = (
				en,
			);
			mainGroup = 84EA639E1514C4AF00C7177E;
			productRefGroup = 84EA63AA1514C4AF00C7177E /* Products */;
			projectDirPath = "";
			projectRoot = "";
			targets = (
				84EA63A81514C4AF00C7177E /* ConstructiveEditor */,
				84EA63CC1514C4AF00C7177E /* ConstructiveEditorTests */,
			);
		};
/* End PBXProject section */

/* Begin PBXResourcesBuildPhase section */
		84EA63A71514C4AF00C7177E /* Resources */ = {
			isa = PBXResourcesBuildPhase;
			buildActionMask = 2147483647;
			files = (
				7529F96915199C3200C13C90 /* InfoPlist.strings in Resources */,
				7529F96A15199C3200C13C90 /* MainStoryboard_iPad.storyboard in Resources */,
				7529F96B15199C3200C13C90 /* MainStoryboard_iPhone.storyboard in Resources */,
				75A26DA215218B2200449686 /* camera.png in Resources */,
				757EBCEF15F0E7B8004218D2 /* NoPhotoBig.png in Resources */,
				756BA30615F143C0009F0C9D /* pin.png in Resources */,
				75E5F36E16013BCD00C363FA /* convertDocument_Highlighted_iPhone.png in Resources */,
				75E5F36F16013BCD00C363FA /* convertDocument_Highlighted_iPhone@2x.png in Resources */,
				75E5F37016013BCD00C363FA /* convertDocument_Normal_iPhone.png in Resources */,
				75E5F37116013BCD00C363FA /* convertDocument_Normal_iPhone@2x.png in Resources */,
				75E5F37216013BCD00C363FA /* detach_Highlighted_iPhone.png in Resources */,
				75E5F37316013BCD00C363FA /* detach_Highlighted_iPhone@2x.png in Resources */,
				75E5F37416013BCD00C363FA /* detach_Normal_iPhone.png in Resources */,
				75E5F37516013BCD00C363FA /* detach_Normal_iPhone@2x.png in Resources */,
				75E5F38616013BDC00C363FA /* preferences_Normal_iPhone.png in Resources */,
				75E5F38716013BDC00C363FA /* preferences_Normal_iPhone@2x.png in Resources */,
				75E5F38816013BDC00C363FA /* references_Highlighted_iPhone.png in Resources */,
				75E5F38916013BDC00C363FA /* references_Highlighted_iPhone@2x.png in Resources */,
				75E5F38A16013BDC00C363FA /* rotate_Highlighted_iPhone.png in Resources */,
				75E5F38B16013BDC00C363FA /* rotate_Highlighted_iPhone@2x.png in Resources */,
				75E5F38C16013BDC00C363FA /* rotate_Normal_iPhone.png in Resources */,
				75E5F38D16013BDC00C363FA /* rotate_Normal_iPhone@2x.png in Resources */,
				75E5F38E16013BDC00C363FA /* split_Highlighted_iPhone.png in Resources */,
				75E5F38F16013BDC00C363FA /* split_Highlighted_iPhone@2x.png in Resources */,
				75E5F39016013BDC00C363FA /* split_Normal_iPhone.png in Resources */,
				75E5F39116013BDC00C363FA /* split_Normal_iPhone@2x.png in Resources */,
				75E5F39216013BDC00C363FA /* transform_Highlighted_iPhone.png in Resources */,
				75E5F39316013BDC00C363FA /* transform_Highlighted_iPhone@2x.png in Resources */,
				75E5F39416013BDC00C363FA /* transform_Normal_iPhone.png in Resources */,
				75E5F39516013BDC00C363FA /* transform_Normal_iPhone@2x.png in Resources */,
				75EE2890160B524100050997 /* pinSelected.png in Resources */,
				758DA6B216DAC136005D59A4 /* liftarm_bottom_left.png in Resources */,
				758DA6B316DAC136005D59A4 /* liftarm_center.png in Resources */,
				758DA6B416DAC136005D59A4 /* liftarm_top_right.png in Resources */,
			);
			runOnlyForDeploymentPostprocessing = 0;
		};
		84EA63CA1514C4AF00C7177E /* Resources */ = {
			isa = PBXResourcesBuildPhase;
			buildActionMask = 2147483647;
			files = (
				84EA63D91514C4AF00C7177E /* InfoPlist.strings in Resources */,
			);
			runOnlyForDeploymentPostprocessing = 0;
		};
/* End PBXResourcesBuildPhase section */

/* Begin PBXShellScriptBuildPhase section */
		84EA63CB1514C4AF00C7177E /* ShellScript */ = {
			isa = PBXShellScriptBuildPhase;
			buildActionMask = 2147483647;
			files = (
			);
			inputPaths = (
			);
			outputPaths = (
			);
			runOnlyForDeploymentPostprocessing = 0;
			shellPath = /bin/sh;
			shellScript = "# Run the unit tests in this test bundle.\n\"${SYSTEM_DEVELOPER_DIR}/Tools/RunUnitTests\"\n";
		};
/* End PBXShellScriptBuildPhase section */

/* Begin PBXSourcesBuildPhase section */
		84EA63A51514C4AF00C7177E /* Sources */ = {
			isa = PBXSourcesBuildPhase;
			buildActionMask = 2147483647;
			files = (
				84EA63BA1514C4AF00C7177E /* main.m in Sources */,
				7529F96115199C3200C13C90 /* AppDelegate.m in Sources */,
				7529F96215199C3200C13C90 /* NSValueToDataTransformer.m in Sources */,
				7529F96515199C3200C13C90 /* Model.xcdatamodeld in Sources */,
				7529F96615199C3200C13C90 /* UIColorToDataTransformer.m in Sources */,
				7529F96715199C3200C13C90 /* UIImageToDataTransformer.m in Sources */,
				7529F96C15199C3200C13C90 /* StartMenuViewController.m in Sources */,
				7529F9741519A33A00C13C90 /* RootAssemblyViewController.m in Sources */,
				7529F97A151AE69B00C13C90 /* DetailType.m in Sources */,
				7529F97D151AE73100C13C90 /* Detail.m in Sources */,
				7529F983151B0C2A00C13C90 /* Assembly.m in Sources */,
				7517F5AA15217494000EF32F /* EditAssemblyViewController.m in Sources */,
				75B7DA441521796100C02F18 /* AssemblyCellView.m in Sources */,
				84F883EB1535B53A00EA0438 /* AssembliesAndDetailsViewController.m in Sources */,
				75823399154177BF009BBA8B /* NSManagedObjectContextExtension.m in Sources */,
				7532EBC315DFA3B600395B11 /* DetailTypesViewController.m in Sources */,
				7532EBC415DFA3B600395B11 /* EditDetailTypeViewController.m in Sources */,
				7526384215DFAD4300E2A8A9 /* DetailCellView.m in Sources */,
				757A153815E3BF8D00E89FBC /* AlertView.m in Sources */,
				757A153C15ED256E00E89FBC /* PreferencesKeys.m in Sources */,
				757A153F15EE77B400E89FBC /* ActionSheet.m in Sources */,
				757F600A15EF8F490022FC67 /* StandardActionsPerformer.m in Sources */,
				758520D215F395C50071A662 /* EditDetailViewController.m in Sources */,
				758520D615F3A68D0071A662 /* DetailTypeCellView.m in Sources */,
				75800F9215FC90A800E5262E /* DirectoryWatcher.m in Sources */,
				754FF90D15FCD01400A2D555 /* AssemblyType.m in Sources */,
				75E5F33415FDAF4900C363FA /* AssemblyTypesShelf.m in Sources */,
				75EE288D160B17C400050997 /* Constants.m in Sources */,
				757B0CB6160DF82B008883C0 /* VisualSelectablePointer.m in Sources */,
				757B0CBA160F137C008883C0 /* PreferencesViewController.m in Sources */,
				757B0CBD160F5033008883C0 /* PreferenceOptionsViewController.m in Sources */,
				751C5F65161054B20025AFA4 /* AssemblyValidator.mm in Sources */,
				75CF686116B58D2900DEE4B4 /* InstructionPreviewViewController.m in Sources */,
				753270AD16C414A2005A1B83 /* ImageVisualFrameCalculator.m in Sources */,
				75E28A4116DBDBDA004FBCF5 /* EditDetailTypeAdditionalInfoViewController.m in Sources */,
				75EB423E16EA9DB300FB7540 /* MBProgressHUD.m in Sources */,
				75EB424416EC683C00FB7540 /* Picture.m in Sources */,
				75EB424716EC814200FB7540 /* UINavigationControllerExtension.m in Sources */,
				75EB424A16EC83BC00FB7540 /* UIImagePickerControllerExtension.m in Sources */,
				75EB424F16EC93BD00FB7540 /* UIImage+Resize.m in Sources */,
				75EB425416EC947E00FB7540 /* UIImage+Alpha.m in Sources */,
				75EB425516EC947E00FB7540 /* UIImage+RoundedCorner.m in Sources */,
				75D58E6716F4C1DC000B231C /* RootAssemblyReference.m in Sources */,
			);
			runOnlyForDeploymentPostprocessing = 0;
		};
		84EA63C81514C4AF00C7177E /* Sources */ = {
			isa = PBXSourcesBuildPhase;
			buildActionMask = 2147483647;
			files = (
				84EA63DC1514C4AF00C7177E /* ConstructiveEditorTests.m in Sources */,
			);
			runOnlyForDeploymentPostprocessing = 0;
		};
/* End PBXSourcesBuildPhase section */

/* Begin PBXTargetDependency section */
		84EA63D31514C4AF00C7177E /* PBXTargetDependency */ = {
			isa = PBXTargetDependency;
			target = 84EA63A81514C4AF00C7177E /* ConstructiveEditor */;
			targetProxy = 84EA63D21514C4AF00C7177E /* PBXContainerItemProxy */;
		};
/* End PBXTargetDependency section */

/* Begin PBXVariantGroup section */
		7529F95715199C3200C13C90 /* InfoPlist.strings */ = {
			isa = PBXVariantGroup;
			children = (
				7529F95815199C3200C13C90 /* en */,
			);
			name = InfoPlist.strings;
			sourceTree = "<group>";
		};
		7529F95915199C3200C13C90 /* MainStoryboard_iPad.storyboard */ = {
			isa = PBXVariantGroup;
			children = (
				7529F95A15199C3200C13C90 /* en */,
			);
			name = MainStoryboard_iPad.storyboard;
			sourceTree = "<group>";
		};
		7529F95B15199C3200C13C90 /* MainStoryboard_iPhone.storyboard */ = {
			isa = PBXVariantGroup;
			children = (
				7529F95C15199C3200C13C90 /* en */,
			);
			name = MainStoryboard_iPhone.storyboard;
			sourceTree = "<group>";
		};
		84EA63D71514C4AF00C7177E /* InfoPlist.strings */ = {
			isa = PBXVariantGroup;
			children = (
				84EA63D81514C4AF00C7177E /* en */,
			);
			name = InfoPlist.strings;
			sourceTree = "<group>";
		};
/* End PBXVariantGroup section */

/* Begin XCBuildConfiguration section */
		84EA63DD1514C4AF00C7177E /* Debug */ = {
			isa = XCBuildConfiguration;
			buildSettings = {
				ALWAYS_SEARCH_USER_PATHS = NO;
				ARCHS = "$(ARCHS_STANDARD_32_BIT)";
				CLANG_ENABLE_OBJC_ARC = YES;
				"CODE_SIGN_IDENTITY[sdk=iphoneos*]" = "iPhone Developer";
				COPY_PHASE_STRIP = NO;
				GCC_C_LANGUAGE_STANDARD = gnu99;
				GCC_DYNAMIC_NO_PIC = NO;
				GCC_OPTIMIZATION_LEVEL = 0;
				GCC_PREPROCESSOR_DEFINITIONS = (
					"DEBUG=1",
					"$(inherited)",
				);
				GCC_SYMBOLS_PRIVATE_EXTERN = NO;
				GCC_VERSION = com.apple.compilers.llvm.clang.1_0;
				GCC_WARN_ABOUT_MISSING_PROTOTYPES = YES;
				GCC_WARN_ABOUT_RETURN_TYPE = YES;
				GCC_WARN_UNUSED_VARIABLE = YES;
				IPHONEOS_DEPLOYMENT_TARGET = 5.0;
				SDKROOT = iphoneos;
				TARGETED_DEVICE_FAMILY = "1,2";
			};
			name = Debug;
		};
		84EA63DE1514C4AF00C7177E /* Release */ = {
			isa = XCBuildConfiguration;
			buildSettings = {
				ALWAYS_SEARCH_USER_PATHS = NO;
				ARCHS = "$(ARCHS_STANDARD_32_BIT)";
				CLANG_ENABLE_OBJC_ARC = YES;
				"CODE_SIGN_IDENTITY[sdk=iphoneos*]" = "iPhone Developer";
				COPY_PHASE_STRIP = YES;
				GCC_C_LANGUAGE_STANDARD = gnu99;
				GCC_VERSION = com.apple.compilers.llvm.clang.1_0;
				GCC_WARN_ABOUT_MISSING_PROTOTYPES = YES;
				GCC_WARN_ABOUT_RETURN_TYPE = YES;
				GCC_WARN_UNUSED_VARIABLE = YES;
				IPHONEOS_DEPLOYMENT_TARGET = 5.0;
				OTHER_CFLAGS = "-DNS_BLOCK_ASSERTIONS=1";
				SDKROOT = iphoneos;
				TARGETED_DEVICE_FAMILY = "1,2";
				VALIDATE_PRODUCT = YES;
			};
			name = Release;
		};
		84EA63E01514C4AF00C7177E /* Debug */ = {
			isa = XCBuildConfiguration;
			buildSettings = {
				GCC_PRECOMPILE_PREFIX_HEADER = YES;
				GCC_PREFIX_HEADER = "ConstructiveEditor/ConstructiveEditor-Prefix.pch";
				INFOPLIST_FILE = "ConstructiveEditor/ConstructiveEditor-Info.plist";
				IPHONEOS_DEPLOYMENT_TARGET = 6.0;
				PRODUCT_NAME = "$(TARGET_NAME)";
				TARGETED_DEVICE_FAMILY = 1;
				WRAPPER_EXTENSION = app;
			};
			name = Debug;
		};
		84EA63E11514C4AF00C7177E /* Release */ = {
			isa = XCBuildConfiguration;
			buildSettings = {
				GCC_PRECOMPILE_PREFIX_HEADER = YES;
				GCC_PREFIX_HEADER = "ConstructiveEditor/ConstructiveEditor-Prefix.pch";
				INFOPLIST_FILE = "ConstructiveEditor/ConstructiveEditor-Info.plist";
				IPHONEOS_DEPLOYMENT_TARGET = 6.0;
				PRODUCT_NAME = "$(TARGET_NAME)";
				TARGETED_DEVICE_FAMILY = 1;
				WRAPPER_EXTENSION = app;
			};
			name = Release;
		};
		84EA63E31514C4AF00C7177E /* Debug */ = {
			isa = XCBuildConfiguration;
			buildSettings = {
				BUNDLE_LOADER = "$(BUILT_PRODUCTS_DIR)/ConstructiveEditor.app/ConstructiveEditor";
				FRAMEWORK_SEARCH_PATHS = (
					"$(SDKROOT)/Developer/Library/Frameworks",
					"$(DEVELOPER_LIBRARY_DIR)/Frameworks",
				);
				GCC_PRECOMPILE_PREFIX_HEADER = YES;
				GCC_PREFIX_HEADER = "ConstructiveEditor/ConstructiveEditor-Prefix.pch";
				INFOPLIST_FILE = "ConstructiveEditorTests/ConstructiveEditorTests-Info.plist";
				PRODUCT_NAME = "$(TARGET_NAME)";
				TEST_HOST = "$(BUNDLE_LOADER)";
				WRAPPER_EXTENSION = octest;
			};
			name = Debug;
		};
		84EA63E41514C4AF00C7177E /* Release */ = {
			isa = XCBuildConfiguration;
			buildSettings = {
				BUNDLE_LOADER = "$(BUILT_PRODUCTS_DIR)/ConstructiveEditor.app/ConstructiveEditor";
				FRAMEWORK_SEARCH_PATHS = (
					"$(SDKROOT)/Developer/Library/Frameworks",
					"$(DEVELOPER_LIBRARY_DIR)/Frameworks",
				);
				GCC_PRECOMPILE_PREFIX_HEADER = YES;
				GCC_PREFIX_HEADER = "ConstructiveEditor/ConstructiveEditor-Prefix.pch";
				INFOPLIST_FILE = "ConstructiveEditorTests/ConstructiveEditorTests-Info.plist";
				PRODUCT_NAME = "$(TARGET_NAME)";
				TEST_HOST = "$(BUNDLE_LOADER)";
				WRAPPER_EXTENSION = octest;
			};
			name = Release;
		};
/* End XCBuildConfiguration section */

/* Begin XCConfigurationList section */
		84EA63A31514C4AF00C7177E /* Build configuration list for PBXProject "ConstructiveEditor" */ = {
			isa = XCConfigurationList;
			buildConfigurations = (
				84EA63DD1514C4AF00C7177E /* Debug */,
				84EA63DE1514C4AF00C7177E /* Release */,
			);
			defaultConfigurationIsVisible = 0;
			defaultConfigurationName = Release;
		};
		84EA63DF1514C4AF00C7177E /* Build configuration list for PBXNativeTarget "ConstructiveEditor" */ = {
			isa = XCConfigurationList;
			buildConfigurations = (
				84EA63E01514C4AF00C7177E /* Debug */,
				84EA63E11514C4AF00C7177E /* Release */,
			);
			defaultConfigurationIsVisible = 0;
			defaultConfigurationName = Release;
		};
		84EA63E21514C4AF00C7177E /* Build configuration list for PBXNativeTarget "ConstructiveEditorTests" */ = {
			isa = XCConfigurationList;
			buildConfigurations = (
				84EA63E31514C4AF00C7177E /* Debug */,
				84EA63E41514C4AF00C7177E /* Release */,
			);
			defaultConfigurationIsVisible = 0;
			defaultConfigurationName = Release;
		};
/* End XCConfigurationList section */

/* Begin XCVersionGroup section */
		7529F94E15199C3200C13C90 /* Model.xcdatamodeld */ = {
			isa = XCVersionGroup;
			children = (
				7529F94F15199C3200C13C90 /* Model.xcdatamodel */,
			);
			currentVersion = 7529F94F15199C3200C13C90 /* Model.xcdatamodel */;
			path = Model.xcdatamodeld;
			sourceTree = "<group>";
			versionGroupType = wrapper.xcdatamodel;
		};
/* End XCVersionGroup section */
	};
	rootObject = 84EA63A01514C4AF00C7177E /* Project object */;
}
